
Microsoft Visual Studio Solution File, Format Version 12.00
# Visual Studio 15
Project("{FAE04EC0-301F-11D3-BF4B-00C04F79EFBC}") = "app", "app.csproj", "{9233F055-6C18-42C0-B6D1-419286F39445}"
EndProject
Global
	GlobalSection(SolutionConfigurationPlatforms) = preSolution
		Debug|Any CPU = Debug|Any CPU
		Release|Any CPU = Release|Any CPU
	EndGlobalSection
	GlobalSection(ProjectConfigurationPlatforms) = postSolution
		{9233F055-6C18-42C0-B6D1-419286F39445}.Debug|Any CPU.ActiveCfg = Debug|Any CPU
		{9233F055-6C18-42C0-B6D1-419286F39445}.Debug|Any CPU.Build.0 = Debug|Any CPU
		{9233F055-6C18-42C0-B6D1-419286F39445}.Release|Any CPU.ActiveCfg = Release|Any CPU
		{9233F055-6C18-42C0-B6D1-419286F39445}.Release|Any CPU.Build.0 = Release|Any CPU
	EndGlobalSection
EndGlobal
