
Microsoft Visual Studio Solution File, Format Version 12.00
# Visual Studio 15
Project("{FAE04EC0-301F-11D3-BF4B-00C04F79EFBC}") = "Ogame", "Ogame\Ogame.csproj", "{492C842F-3990-4F8A-98A2-C1A9547320ED}"
EndProject
Global
	GlobalSection(SolutionConfigurationPlatforms) = preSolution
		Debug|Any CPU = Debug|Any CPU
		Release|Any CPU = Release|Any CPU
	EndGlobalSection
	GlobalSection(ProjectConfigurationPlatforms) = postSolution
		{492C842F-3990-4F8A-98A2-C1A9547320ED}.Debug|Any CPU.ActiveCfg = Debug|Any CPU
		{492C842F-3990-4F8A-98A2-C1A9547320ED}.Debug|Any CPU.Build.0 = Debug|Any CPU
		{492C842F-3990-4F8A-98A2-C1A9547320ED}.Release|Any CPU.ActiveCfg = Release|Any CPU
		{492C842F-3990-4F8A-98A2-C1A9547320ED}.Release|Any CPU.Build.0 = Release|Any CPU
	EndGlobalSection
EndGlobal
